
Microsoft Visual Studio Solution File, Format Version 12.00
# Visual Studio 15
VisualStudioVersion = 15.0.28010.2016
MinimumVisualStudioVersion = 10.0.40219.1
Project("{9A19103F-16F7-4668-BE54-9A1E7A4F7556}") = "Studio.AssemblyResolver", "Studio.AssemblyResolver\Studio.AssemblyResolver.csproj", "{CCC06D56-E25E-4F96-8ECC-68A89EDB1FA4}"
EndProject
Global
	GlobalSection(SolutionConfigurationPlatforms) = preSolution
		Debug|Any CPU = Debug|Any CPU
		Release|Any CPU = Release|Any CPU
	EndGlobalSection
	GlobalSection(ProjectConfigurationPlatforms) = postSolution
		{CCC06D56-E25E-4F96-8ECC-68A89EDB1FA4}.Debug|Any CPU.ActiveCfg = Debug|Any CPU
		{CCC06D56-E25E-4F96-8ECC-68A89EDB1FA4}.Debug|Any CPU.Build.0 = Debug|Any CPU
		{CCC06D56-E25E-4F96-8ECC-68A89EDB1FA4}.Release|Any CPU.ActiveCfg = Release|Any CPU
		{CCC06D56-E25E-4F96-8ECC-68A89EDB1FA4}.Release|Any CPU.Build.0 = Release|Any CPU
	EndGlobalSection
	GlobalSection(SolutionProperties) = preSolution
		HideSolutionNode = FALSE
	EndGlobalSection
	GlobalSection(ExtensibilityGlobals) = postSolution
		SolutionGuid = {336FB20A-FA5E-4FB5-A7E7-24C09271B2E9}
	EndGlobalSection
EndGlobal
